
Microsoft Visual Studio Solution File, Format Version 12.00
# Visual Studio Version 17
VisualStudioVersion = 17.8.34525.116
MinimumVisualStudioVersion = 10.0.40219.1
Project("{2150E333-8FDC-42A3-9474-1A3956D46DE8}") = "UI", "UI", "{1E941BE9-FBEF-4A39-AC92-ADEE018C78C2}"
EndProject
Project("{2150E333-8FDC-42A3-9474-1A3956D46DE8}") = "Core", "Core", "{496CBDE6-BC44-4C89-A998-60C81E349549}"
EndProject
Project("{2150E333-8FDC-42A3-9474-1A3956D46DE8}") = "Infrastructure", "Infrastructure", "{38BE34BF-52A3-4FF1-A6B7-20423C9711FD}"
EndProject
Project("{2150E333-8FDC-42A3-9474-1A3956D46DE8}") = "src", "src", "{6DAC35C6-0E8B-4CE0-90F7-211658EE9212}"
EndProject
Project("{2150E333-8FDC-42A3-9474-1A3956D46DE8}") = "test", "test", "{DDE2887B-D3AA-42E5-B654-A39B01CE11E9}"
EndProject
Project("{2150E333-8FDC-42A3-9474-1A3956D46DE8}") = "API", "API", "{3AA879C2-965E-4C18-A531-D1CF1D287535}"
EndProject
Project("{9A19103F-16F7-4668-BE54-9A1E7A4F7556}") = "Hr.LeaveManagement.Domain", "Hr.LeaveManagement.Domain\Hr.LeaveManagement.Domain.csproj", "{7DEBBB2C-6A77-48AE-A444-3271897E3C55}"
EndProject
Project("{9A19103F-16F7-4668-BE54-9A1E7A4F7556}") = "HR.LeaveManagement.Application", "HR.LeaveManagement.Application\HR.LeaveManagement.Application.csproj", "{991F177B-D623-4D16-B5F5-E03F508975D3}"
EndProject
Project("{9A19103F-16F7-4668-BE54-9A1E7A4F7556}") = "Hr.LeaveManagement.Persistence", "Hr.LeaveManagement.Persistence\Hr.LeaveManagement.Persistence.csproj", "{FEF35701-C147-47DA-A529-EFAD40A37512}"
EndProject
Project("{9A19103F-16F7-4668-BE54-9A1E7A4F7556}") = "Hr.LeaveManagement.Infrastructure", "Hr.LeaveManagement.Infrastructure\Hr.LeaveManagement.Infrastructure.csproj", "{606B130D-077E-4BD8-A454-6140B29F523D}"
EndProject
Project("{9A19103F-16F7-4668-BE54-9A1E7A4F7556}") = "Hr.LeaveManagement.Api", "Hr.LeaveManagement.Api\Hr.LeaveManagement.Api.csproj", "{CD05708A-E295-4331-B278-304B1E4B3BE3}"
EndProject
Project("{9A19103F-16F7-4668-BE54-9A1E7A4F7556}") = "Hr.LeaveManagement.Application.UnitTest", "Hr.LeaveManagement.Application.UnitTest\Hr.LeaveManagement.Application.UnitTest.csproj", "{347B93A2-C9A1-49AD-8FF0-AEE99ED345D8}"
EndProject
Project("{FAE04EC0-301F-11D3-BF4B-00C04F79EFBC}") = "Hr.LeaveManagement.Persistence.IntegrationTest", "Hr.LeaveManagement.Persistence.IntegrationTest\Hr.LeaveManagement.Persistence.IntegrationTest.csproj", "{D4A7B474-E758-40CD-872D-151888311C9F}"
EndProject
Global
	GlobalSection(SolutionConfigurationPlatforms) = preSolution
		Debug|Any CPU = Debug|Any CPU
		Release|Any CPU = Release|Any CPU
	EndGlobalSection
	GlobalSection(ProjectConfigurationPlatforms) = postSolution
		{7DEBBB2C-6A77-48AE-A444-3271897E3C55}.Debug|Any CPU.ActiveCfg = Debug|Any CPU
		{7DEBBB2C-6A77-48AE-A444-3271897E3C55}.Debug|Any CPU.Build.0 = Debug|Any CPU
		{7DEBBB2C-6A77-48AE-A444-3271897E3C55}.Release|Any CPU.ActiveCfg = Release|Any CPU
		{7DEBBB2C-6A77-48AE-A444-3271897E3C55}.Release|Any CPU.Build.0 = Release|Any CPU
		{991F177B-D623-4D16-B5F5-E03F508975D3}.Debug|Any CPU.ActiveCfg = Debug|Any CPU
		{991F177B-D623-4D16-B5F5-E03F508975D3}.Debug|Any CPU.Build.0 = Debug|Any CPU
		{991F177B-D623-4D16-B5F5-E03F508975D3}.Release|Any CPU.ActiveCfg = Release|Any CPU
		{991F177B-D623-4D16-B5F5-E03F508975D3}.Release|Any CPU.Build.0 = Release|Any CPU
		{FEF35701-C147-47DA-A529-EFAD40A37512}.Debug|Any CPU.ActiveCfg = Debug|Any CPU
		{FEF35701-C147-47DA-A529-EFAD40A37512}.Debug|Any CPU.Build.0 = Debug|Any CPU
		{FEF35701-C147-47DA-A529-EFAD40A37512}.Release|Any CPU.ActiveCfg = Release|Any CPU
		{FEF35701-C147-47DA-A529-EFAD40A37512}.Release|Any CPU.Build.0 = Release|Any CPU
		{606B130D-077E-4BD8-A454-6140B29F523D}.Debug|Any CPU.ActiveCfg = Debug|Any CPU
		{606B130D-077E-4BD8-A454-6140B29F523D}.Debug|Any CPU.Build.0 = Debug|Any CPU
		{606B130D-077E-4BD8-A454-6140B29F523D}.Release|Any CPU.ActiveCfg = Release|Any CPU
		{606B130D-077E-4BD8-A454-6140B29F523D}.Release|Any CPU.Build.0 = Release|Any CPU
		{CD05708A-E295-4331-B278-304B1E4B3BE3}.Debug|Any CPU.ActiveCfg = Debug|Any CPU
		{CD05708A-E295-4331-B278-304B1E4B3BE3}.Debug|Any CPU.Build.0 = Debug|Any CPU
		{CD05708A-E295-4331-B278-304B1E4B3BE3}.Release|Any CPU.ActiveCfg = Release|Any CPU
		{CD05708A-E295-4331-B278-304B1E4B3BE3}.Release|Any CPU.Build.0 = Release|Any CPU
		{347B93A2-C9A1-49AD-8FF0-AEE99ED345D8}.Debug|Any CPU.ActiveCfg = Debug|Any CPU
		{347B93A2-C9A1-49AD-8FF0-AEE99ED345D8}.Debug|Any CPU.Build.0 = Debug|Any CPU
		{347B93A2-C9A1-49AD-8FF0-AEE99ED345D8}.Release|Any CPU.ActiveCfg = Release|Any CPU
		{347B93A2-C9A1-49AD-8FF0-AEE99ED345D8}.Release|Any CPU.Build.0 = Release|Any CPU
		{D4A7B474-E758-40CD-872D-151888311C9F}.Debug|Any CPU.ActiveCfg = Debug|Any CPU
		{D4A7B474-E758-40CD-872D-151888311C9F}.Debug|Any CPU.Build.0 = Debug|Any CPU
		{D4A7B474-E758-40CD-872D-151888311C9F}.Release|Any CPU.ActiveCfg = Release|Any CPU
		{D4A7B474-E758-40CD-872D-151888311C9F}.Release|Any CPU.Build.0 = Release|Any CPU
	EndGlobalSection
	GlobalSection(SolutionProperties) = preSolution
		HideSolutionNode = FALSE
	EndGlobalSection
	GlobalSection(NestedProjects) = preSolution
		{1E941BE9-FBEF-4A39-AC92-ADEE018C78C2} = {6DAC35C6-0E8B-4CE0-90F7-211658EE9212}
		{496CBDE6-BC44-4C89-A998-60C81E349549} = {6DAC35C6-0E8B-4CE0-90F7-211658EE9212}
		{38BE34BF-52A3-4FF1-A6B7-20423C9711FD} = {6DAC35C6-0E8B-4CE0-90F7-211658EE9212}
		{3AA879C2-965E-4C18-A531-D1CF1D287535} = {6DAC35C6-0E8B-4CE0-90F7-211658EE9212}
		{7DEBBB2C-6A77-48AE-A444-3271897E3C55} = {496CBDE6-BC44-4C89-A998-60C81E349549}
		{991F177B-D623-4D16-B5F5-E03F508975D3} = {496CBDE6-BC44-4C89-A998-60C81E349549}
		{FEF35701-C147-47DA-A529-EFAD40A37512} = {38BE34BF-52A3-4FF1-A6B7-20423C9711FD}
		{606B130D-077E-4BD8-A454-6140B29F523D} = {38BE34BF-52A3-4FF1-A6B7-20423C9711FD}
		{CD05708A-E295-4331-B278-304B1E4B3BE3} = {3AA879C2-965E-4C18-A531-D1CF1D287535}
		{347B93A2-C9A1-49AD-8FF0-AEE99ED345D8} = {DDE2887B-D3AA-42E5-B654-A39B01CE11E9}
		{D4A7B474-E758-40CD-872D-151888311C9F} = {DDE2887B-D3AA-42E5-B654-A39B01CE11E9}
	EndGlobalSection
	GlobalSection(ExtensibilityGlobals) = postSolution
		SolutionGuid = {A1250C26-CB48-4BB4-A1DF-580CDBADE60E}
	EndGlobalSection
EndGlobal
